
Microsoft Visual Studio Solution File, Format Version 12.00
# Visual Studio Version 17
VisualStudioVersion = 17.4.32804.182
MinimumVisualStudioVersion = 10.0.40219.1
Project("{FAE04EC0-301F-11D3-BF4B-00C04F79EFBC}") = "guess_game", "guess_game\guess_game.csproj", "{0BBFA9F0-5060-4C0A-B4DD-14C4F07171CC}"
EndProject
Global
	GlobalSection(SolutionConfigurationPlatforms) = preSolution
		Debug|Any CPU = Debug|Any CPU
		Debug|x64 = Debug|x64
		Release|Any CPU = Release|Any CPU
		Release|x64 = Release|x64
	EndGlobalSection
	GlobalSection(ProjectConfigurationPlatforms) = postSolution
		{0BBFA9F0-5060-4C0A-B4DD-14C4F07171CC}.Debug|Any CPU.ActiveCfg = Debug|Any CPU
		{0BBFA9F0-5060-4C0A-B4DD-14C4F07171CC}.Debug|Any CPU.Build.0 = Debug|Any CPU
		{0BBFA9F0-5060-4C0A-B4DD-14C4F07171CC}.Debug|x64.ActiveCfg = Debug|x64
		{0BBFA9F0-5060-4C0A-B4DD-14C4F07171CC}.Debug|x64.Build.0 = Debug|x64
		{0BBFA9F0-5060-4C0A-B4DD-14C4F07171CC}.Release|Any CPU.ActiveCfg = Release|Any CPU
		{0BBFA9F0-5060-4C0A-B4DD-14C4F07171CC}.Release|Any CPU.Build.0 = Release|Any CPU
		{0BBFA9F0-5060-4C0A-B4DD-14C4F07171CC}.Release|x64.ActiveCfg = Release|x64
		{0BBFA9F0-5060-4C0A-B4DD-14C4F07171CC}.Release|x64.Build.0 = Release|x64
	EndGlobalSection
	GlobalSection(SolutionProperties) = preSolution
		HideSolutionNode = FALSE
	EndGlobalSection
	GlobalSection(ExtensibilityGlobals) = postSolution
		SolutionGuid = {A65B35DE-2DE4-4016-A4C0-78BC1473E0B8}
	EndGlobalSection
EndGlobal
