# This file is automatically @generated by Cargo.
# It is not intended for manual editing.
version = 3

[[package]]
name = "build_crate"
version = "0.1.0"

[[package]]
name = "libc"
version = "0.2.131"
source = "registry+https://github.com/rust-lang/crates.io-index"
checksum = "04c3b4822ccebfa39c02fc03d1534441b22ead323fa0f48bb7ddd8e6ba076a40"

[[package]]
name = "num_threads"
version = "0.1.6"
source = "registry+https://github.com/rust-lang/crates.io-index"
checksum = "2819ce041d2ee131036f4fc9d6ae7ae125a3a40e97ba64d04fe799ad9dabbb44"
dependencies = [
 "libc",
]

[[package]]
name = "time"
version = "0.3.13"
source = "registry+https://github.com/rust-lang/crates.io-index"
checksum = "db76ff9fa4b1458b3c7f077f3ff9887394058460d21e634355b273aaf11eea45"
dependencies = [
 "libc",
 "num_threads",
 "time-macros",
]

[[package]]
name = "time-macros"
version = "0.2.4"
source = "registry+https://github.com/rust-lang/crates.io-index"
checksum = "42657b1a6f4d817cda8e7a0ace261fe0cc946cf3a80314390b22cc61ae080792"

[[package]]
name = "use_crate"
version = "0.1.0"
dependencies = [
 "build_crate",
 "time",
]
